
Microsoft Visual Studio Solution File, Format Version 12.00
# Visual Studio Version 17
VisualStudioVersion = 17.7.34221.43
MinimumVisualStudioVersion = 10.0.40219.1
Project("{FAE04EC0-301F-11D3-BF4B-00C04F79EFBC}") = "Verzon", "Verzon\Verzon.csproj", "{50BDA7E4-D50B-44DE-8729-7D5DA1EB8058}"
EndProject
Global
	GlobalSection(SolutionConfigurationPlatforms) = preSolution
		Debug|Any CPU = Debug|Any CPU
		Release|Any CPU = Release|Any CPU
	EndGlobalSection
	GlobalSection(ProjectConfigurationPlatforms) = postSolution
		{50BDA7E4-D50B-44DE-8729-7D5DA1EB8058}.Debug|Any CPU.ActiveCfg = Debug|Any CPU
		{50BDA7E4-D50B-44DE-8729-7D5DA1EB8058}.Debug|Any CPU.Build.0 = Debug|Any CPU
		{50BDA7E4-D50B-44DE-8729-7D5DA1EB8058}.Release|Any CPU.ActiveCfg = Release|Any CPU
		{50BDA7E4-D50B-44DE-8729-7D5DA1EB8058}.Release|Any CPU.Build.0 = Release|Any CPU
	EndGlobalSection
	GlobalSection(SolutionProperties) = preSolution
		HideSolutionNode = FALSE
	EndGlobalSection
	GlobalSection(ExtensibilityGlobals) = postSolution
		SolutionGuid = {31498996-03EF-4DA7-82F1-B13E14C14E25}
	EndGlobalSection
EndGlobal
